// !$*UTF8*$!
{
	archiveVersion = 1;
	classes = {
	};
	objectVersion = 77;
	objects = {

/* Begin PBXBuildFile section */
		632930412E8E0CB400C4314C /* SoundpipeAudioKit in Frameworks */ = {isa = PBXBuildFile; productRef = 632930402E8E0CB400C4314C /* SoundpipeAudioKit */; };
		632930432E8E0D8100C4314C /* Sounds in Resources */ = {isa = PBXBuildFile; fileRef = 632930422E8E0D8100C4314C /* Sounds */; };
		6354AEA52E8DC27D00A86AF1 /* Keyboard in Frameworks */ = {isa = PBXBuildFile; productRef = 6354AEA42E8DC27D00A86AF1 /* Keyboard */; };
		6371BDC92E8B0D4600145BE6 /* AudioKit in Frameworks */ = {isa = PBXBuildFile; productRef = 6371BDC82E8B0D4600145BE6 /* AudioKit */; };
		6371BDCC2E8B0D5B00145BE6 /* AudioKitUI in Frameworks */ = {isa = PBXBuildFile; productRef = 6371BDCB2E8B0D5B00145BE6 /* AudioKitUI */; };
		6371BDCF2E8B0D7C00145BE6 /* AudioKitEX in Frameworks */ = {isa = PBXBuildFile; productRef = 6371BDCE2E8B0D7C00145BE6 /* AudioKitEX */; };
/* End PBXBuildFile section */

/* Begin PBXFileReference section */
		632930422E8E0D8100C4314C /* Sounds */ = {isa = PBXFileReference; lastKnownFileType = folder; path = Sounds; sourceTree = "<group>"; };
		6376DCEF2E7F48E80080714F /* MusicStaff-FontTest.app */ = {isa = PBXFileReference; explicitFileType = wrapper.application; includeInIndex = 0; path = "MusicStaff-FontTest.app"; sourceTree = BUILT_PRODUCTS_DIR; };
/* End PBXFileReference section */

/* Begin PBXFileSystemSynchronizedBuildFileExceptionSet section */
		6367155E2E933F99004B6511 /* Exceptions for "MusicStaff-FontTest" folder in "MusicStaff-FontTest" target */ = {
			isa = PBXFileSystemSynchronizedBuildFileExceptionSet;
			membershipExceptions = (
				Info.plist,
			);
			target = 6376DCEE2E7F48E80080714F /* MusicStaff-FontTest */;
		};
/* End PBXFileSystemSynchronizedBuildFileExceptionSet section */

/* Begin PBXFileSystemSynchronizedRootGroup section */
		6376DCF12E7F48E80080714F /* MusicStaff-FontTest */ = {
			isa = PBXFileSystemSynchronizedRootGroup;
			exceptions = (
				6367155E2E933F99004B6511 /* Exceptions for "MusicStaff-FontTest" folder in "MusicStaff-FontTest" target */,
			);
			path = "MusicStaff-FontTest";
			sourceTree = "<group>";
		};
/* End PBXFileSystemSynchronizedRootGroup section */

/* Begin PBXFrameworksBuildPhase section */
		6376DCEC2E7F48E80080714F /* Frameworks */ = {
			isa = PBXFrameworksBuildPhase;
			buildActionMask = 2147483647;
			files = (
				6371BDCF2E8B0D7C00145BE6 /* AudioKitEX in Frameworks */,
				632930412E8E0CB400C4314C /* SoundpipeAudioKit in Frameworks */,
				6354AEA52E8DC27D00A86AF1 /* Keyboard in Frameworks */,
				6371BDCC2E8B0D5B00145BE6 /* AudioKitUI in Frameworks */,
				6371BDC92E8B0D4600145BE6 /* AudioKit in Frameworks */,
			);
			runOnlyForDeploymentPostprocessing = 0;
		};
/* End PBXFrameworksBuildPhase section */

/* Begin PBXGroup section */
		6376DCE62E7F48E80080714F = {
			isa = PBXGroup;
			children = (
				632930422E8E0D8100C4314C /* Sounds */,
				6376DCF12E7F48E80080714F /* MusicStaff-FontTest */,
				6376DCF02E7F48E80080714F /* Products */,
			);
			sourceTree = "<group>";
		};
		6376DCF02E7F48E80080714F /* Products */ = {
			isa = PBXGroup;
			children = (
				6376DCEF2E7F48E80080714F /* MusicStaff-FontTest.app */,
			);
			name = Products;
			sourceTree = "<group>";
		};
/* End PBXGroup section */

/* Begin PBXNativeTarget section */
		6376DCEE2E7F48E80080714F /* MusicStaff-FontTest */ = {
			isa = PBXNativeTarget;
			buildConfigurationList = 6376DCFA2E7F48E90080714F /* Build configuration list for PBXNativeTarget "MusicStaff-FontTest" */;
			buildPhases = (
				6376DCEB2E7F48E80080714F /* Sources */,
				6376DCEC2E7F48E80080714F /* Frameworks */,
				6376DCED2E7F48E80080714F /* Resources */,
			);
			buildRules = (
			);
			dependencies = (
			);
			fileSystemSynchronizedGroups = (
				6376DCF12E7F48E80080714F /* MusicStaff-FontTest */,
			);
			name = "MusicStaff-FontTest";
			packageProductDependencies = (
				6371BDC82E8B0D4600145BE6 /* AudioKit */,
				6371BDCB2E8B0D5B00145BE6 /* AudioKitUI */,
				6371BDCE2E8B0D7C00145BE6 /* AudioKitEX */,
				6354AEA42E8DC27D00A86AF1 /* Keyboard */,
				632930402E8E0CB400C4314C /* SoundpipeAudioKit */,
			);
			productName = "MusicStaff-FontTest";
			productReference = 6376DCEF2E7F48E80080714F /* MusicStaff-FontTest.app */;
			productType = "com.apple.product-type.application";
		};
/* End PBXNativeTarget section */

/* Begin PBXProject section */
		6376DCE72E7F48E80080714F /* Project object */ = {
			isa = PBXProject;
			attributes = {
				BuildIndependentTargetsInParallel = 1;
				LastSwiftUpdateCheck = 2600;
				LastUpgradeCheck = 2600;
				TargetAttributes = {
					6376DCEE2E7F48E80080714F = {
						CreatedOnToolsVersion = 26.0;
					};
				};
			};
			buildConfigurationList = 6376DCEA2E7F48E80080714F /* Build configuration list for PBXProject "MusicStaff-FontTest" */;
			developmentRegion = en;
			hasScannedForEncodings = 0;
			knownRegions = (
				en,
				Base,
			);
			mainGroup = 6376DCE62E7F48E80080714F;
			minimizedProjectReferenceProxies = 1;
			packageReferences = (
				6371BDC72E8B0D4600145BE6 /* XCRemoteSwiftPackageReference "AudioKit" */,
				6371BDCA2E8B0D5B00145BE6 /* XCRemoteSwiftPackageReference "AudioKitUI" */,
				6371BDCD2E8B0D7C00145BE6 /* XCRemoteSwiftPackageReference "AudioKitEX" */,
				6354AEA32E8DC27D00A86AF1 /* XCRemoteSwiftPackageReference "Keyboard" */,
				6329303F2E8E0CB400C4314C /* XCRemoteSwiftPackageReference "SoundpipeAudioKit" */,
			);
			preferredProjectObjectVersion = 77;
			productRefGroup = 6376DCF02E7F48E80080714F /* Products */;
			projectDirPath = "";
			projectRoot = "";
			targets = (
				6376DCEE2E7F48E80080714F /* MusicStaff-FontTest */,
			);
		};
/* End PBXProject section */

/* Begin PBXResourcesBuildPhase section */
		6376DCED2E7F48E80080714F /* Resources */ = {
			isa = PBXResourcesBuildPhase;
			buildActionMask = 2147483647;
			files = (
				632930432E8E0D8100C4314C /* Sounds in Resources */,
			);
			runOnlyForDeploymentPostprocessing = 0;
		};
/* End PBXResourcesBuildPhase section */

/* Begin PBXSourcesBuildPhase section */
		6376DCEB2E7F48E80080714F /* Sources */ = {
			isa = PBXSourcesBuildPhase;
			buildActionMask = 2147483647;
			files = (
			);
			runOnlyForDeploymentPostprocessing = 0;
		};
/* End PBXSourcesBuildPhase section */

/* Begin XCBuildConfiguration section */
		6376DCF82E7F48E90080714F /* Debug */ = {
			isa = XCBuildConfiguration;
			buildSettings = {
				ALWAYS_SEARCH_USER_PATHS = NO;
				ASSETCATALOG_COMPILER_GENERATE_SWIFT_ASSET_SYMBOL_EXTENSIONS = YES;
				CLANG_ANALYZER_NONNULL = YES;
				CLANG_ANALYZER_NUMBER_OBJECT_CONVERSION = YES_AGGRESSIVE;
				CLANG_CXX_LANGUAGE_STANDARD = "gnu++20";
				CLANG_ENABLE_MODULES = YES;
				CLANG_ENABLE_OBJC_ARC = YES;
				CLANG_ENABLE_OBJC_WEAK = YES;
				CLANG_WARN_BLOCK_CAPTURE_AUTORELEASING = YES;
				CLANG_WARN_BOOL_CONVERSION = YES;
				CLANG_WARN_COMMA = YES;
				CLANG_WARN_CONSTANT_CONVERSION = YES;
				CLANG_WARN_DEPRECATED_OBJC_IMPLEMENTATIONS = YES;
				CLANG_WARN_DIRECT_OBJC_ISA_USAGE = YES_ERROR;
				CLANG_WARN_DOCUMENTATION_COMMENTS = YES;
				CLANG_WARN_EMPTY_BODY = YES;
				CLANG_WARN_ENUM_CONVERSION = YES;
				CLANG_WARN_INFINITE_RECURSION = YES;
				CLANG_WARN_INT_CONVERSION = YES;
				CLANG_WARN_NON_LITERAL_NULL_CONVERSION = YES;
				CLANG_WARN_OBJC_IMPLICIT_RETAIN_SELF = YES;
				CLANG_WARN_OBJC_LITERAL_CONVERSION = YES;
				CLANG_WARN_OBJC_ROOT_CLASS = YES_ERROR;
				CLANG_WARN_QUOTED_INCLUDE_IN_FRAMEWORK_HEADER = YES;
				CLANG_WARN_RANGE_LOOP_ANALYSIS = YES;
				CLANG_WARN_STRICT_PROTOTYPES = YES;
				CLANG_WARN_SUSPICIOUS_MOVE = YES;
				CLANG_WARN_UNGUARDED_AVAILABILITY = YES_AGGRESSIVE;
				CLANG_WARN_UNREACHABLE_CODE = YES;
				CLANG_WARN__DUPLICATE_METHOD_MATCH = YES;
				COPY_PHASE_STRIP = NO;
				DEBUG_INFORMATION_FORMAT = dwarf;
				DEVELOPMENT_TEAM = MY2YQ76MW5;
				ENABLE_STRICT_OBJC_MSGSEND = YES;
				ENABLE_TESTABILITY = YES;
				ENABLE_USER_SCRIPT_SANDBOXING = YES;
				GCC_C_LANGUAGE_STANDARD = gnu17;
				GCC_DYNAMIC_NO_PIC = NO;
				GCC_NO_COMMON_BLOCKS = YES;
				GCC_OPTIMIZATION_LEVEL = 0;
				GCC_PREPROCESSOR_DEFINITIONS = (
					"DEBUG=1",
					"$(inherited)",
				);
				GCC_WARN_64_TO_32_BIT_CONVERSION = YES;
				GCC_WARN_ABOUT_RETURN_TYPE = YES_ERROR;
				GCC_WARN_UNDECLARED_SELECTOR = YES;
				GCC_WARN_UNINITIALIZED_AUTOS = YES_AGGRESSIVE;
				GCC_WARN_UNUSED_FUNCTION = YES;
				GCC_WARN_UNUSED_VARIABLE = YES;
				LOCALIZATION_PREFERS_STRING_CATALOGS = YES;
				MACOSX_DEPLOYMENT_TARGET = 26.0;
				MTL_ENABLE_DEBUG_INFO = INCLUDE_SOURCE;
				MTL_FAST_MATH = YES;
				ONLY_ACTIVE_ARCH = YES;
				SDKROOT = macosx;
				SWIFT_ACTIVE_COMPILATION_CONDITIONS = "DEBUG $(inherited)";
				SWIFT_OPTIMIZATION_LEVEL = "-Onone";
			};
			name = Debug;
		};
		6376DCF92E7F48E90080714F /* Release */ = {
			isa = XCBuildConfiguration;
			buildSettings = {
				ALWAYS_SEARCH_USER_PATHS = NO;
				ASSETCATALOG_COMPILER_GENERATE_SWIFT_ASSET_SYMBOL_EXTENSIONS = YES;
				CLANG_ANALYZER_NONNULL = YES;
				CLANG_ANALYZER_NUMBER_OBJECT_CONVERSION = YES_AGGRESSIVE;
				CLANG_CXX_LANGUAGE_STANDARD = "gnu++20";
				CLANG_ENABLE_MODULES = YES;
				CLANG_ENABLE_OBJC_ARC = YES;
				CLANG_ENABLE_OBJC_WEAK = YES;
				CLANG_WARN_BLOCK_CAPTURE_AUTORELEASING = YES;
				CLANG_WARN_BOOL_CONVERSION = YES;
				CLANG_WARN_COMMA = YES;
				CLANG_WARN_CONSTANT_CONVERSION = YES;
				CLANG_WARN_DEPRECATED_OBJC_IMPLEMENTATIONS = YES;
				CLANG_WARN_DIRECT_OBJC_ISA_USAGE = YES_ERROR;
				CLANG_WARN_DOCUMENTATION_COMMENTS = YES;
				CLANG_WARN_EMPTY_BODY = YES;
				CLANG_WARN_ENUM_CONVERSION = YES;
				CLANG_WARN_INFINITE_RECURSION = YES;
				CLANG_WARN_INT_CONVERSION = YES;
				CLANG_WARN_NON_LITERAL_NULL_CONVERSION = YES;
				CLANG_WARN_OBJC_IMPLICIT_RETAIN_SELF = YES;
				CLANG_WARN_OBJC_LITERAL_CONVERSION = YES;
				CLANG_WARN_OBJC_ROOT_CLASS = YES_ERROR;
				CLANG_WARN_QUOTED_INCLUDE_IN_FRAMEWORK_HEADER = YES;
				CLANG_WARN_RANGE_LOOP_ANALYSIS = YES;
				CLANG_WARN_STRICT_PROTOTYPES = YES;
				CLANG_WARN_SUSPICIOUS_MOVE = YES;
				CLANG_WARN_UNGUARDED_AVAILABILITY = YES_AGGRESSIVE;
				CLANG_WARN_UNREACHABLE_CODE = YES;
				CLANG_WARN__DUPLICATE_METHOD_MATCH = YES;
				COPY_PHASE_STRIP = NO;
				DEBUG_INFORMATION_FORMAT = "dwarf-with-dsym";
				DEVELOPMENT_TEAM = MY2YQ76MW5;
				ENABLE_NS_ASSERTIONS = NO;
				ENABLE_STRICT_OBJC_MSGSEND = YES;
				ENABLE_USER_SCRIPT_SANDBOXING = YES;
				GCC_C_LANGUAGE_STANDARD = gnu17;
				GCC_NO_COMMON_BLOCKS = YES;
				GCC_WARN_64_TO_32_BIT_CONVERSION = YES;
				GCC_WARN_ABOUT_RETURN_TYPE = YES_ERROR;
				GCC_WARN_UNDECLARED_SELECTOR = YES;
				GCC_WARN_UNINITIALIZED_AUTOS = YES_AGGRESSIVE;
				GCC_WARN_UNUSED_FUNCTION = YES;
				GCC_WARN_UNUSED_VARIABLE = YES;
				LOCALIZATION_PREFERS_STRING_CATALOGS = YES;
				MACOSX_DEPLOYMENT_TARGET = 26.0;
				MTL_ENABLE_DEBUG_INFO = NO;
				MTL_FAST_MATH = YES;
				SDKROOT = macosx;
				SWIFT_COMPILATION_MODE = wholemodule;
			};
			name = Release;
		};
		6376DCFB2E7F48E90080714F /* Debug */ = {
			isa = XCBuildConfiguration;
			buildSettings = {
				ASSETCATALOG_COMPILER_APPICON_NAME = AppIcon;
				ASSETCATALOG_COMPILER_GLOBAL_ACCENT_COLOR_NAME = AccentColor;
				CODE_SIGN_STYLE = Automatic;
				COMBINE_HIDPI_IMAGES = YES;
				CURRENT_PROJECT_VERSION = 1;
				DEVELOPMENT_TEAM = MY2YQ76MW5;
				ENABLE_APP_SANDBOX = YES;
				ENABLE_HARDENED_RUNTIME = YES;
				ENABLE_PREVIEWS = YES;
				ENABLE_USER_SELECTED_FILES = readonly;
				GENERATE_INFOPLIST_FILE = YES;
				INFOPLIST_FILE = "MusicStaff-FontTest/Info.plist";
				INFOPLIST_KEY_NSHumanReadableCopyright = "";
				LD_RUNPATH_SEARCH_PATHS = (
					"$(inherited)",
					"@executable_path/../Frameworks",
				);
				MARKETING_VERSION = 1.0;
				PRODUCT_BUNDLE_IDENTIFIER = "com.CondronBroadcastEngineering.MusicStaff-FontTest";
				PRODUCT_NAME = "$(TARGET_NAME)";
				REGISTER_APP_GROUPS = YES;
				STRING_CATALOG_GENERATE_SYMBOLS = YES;
				SUPPORTED_PLATFORMS = "iphoneos iphonesimulator macosx";
				SUPPORTS_MACCATALYST = NO;
				SWIFT_APPROACHABLE_CONCURRENCY = YES;
				SWIFT_DEFAULT_ACTOR_ISOLATION = MainActor;
				SWIFT_EMIT_LOC_STRINGS = YES;
				SWIFT_UPCOMING_FEATURE_MEMBER_IMPORT_VISIBILITY = YES;
				SWIFT_VERSION = 5.0;
				TARGETED_DEVICE_FAMILY = 2;
			};
			name = Debug;
		};
		6376DCFC2E7F48E90080714F /* Release */ = {
			isa = XCBuildConfiguration;
			buildSettings = {
				ASSETCATALOG_COMPILER_APPICON_NAME = AppIcon;
				ASSETCATALOG_COMPILER_GLOBAL_ACCENT_COLOR_NAME = AccentColor;
				CODE_SIGN_STYLE = Automatic;
				COMBINE_HIDPI_IMAGES = YES;
				CURRENT_PROJECT_VERSION = 1;
				DEVELOPMENT_TEAM = MY2YQ76MW5;
				ENABLE_APP_SANDBOX = YES;
				ENABLE_HARDENED_RUNTIME = YES;
				ENABLE_PREVIEWS = YES;
				ENABLE_USER_SELECTED_FILES = readonly;
				GENERATE_INFOPLIST_FILE = YES;
				INFOPLIST_FILE = "MusicStaff-FontTest/Info.plist";
				INFOPLIST_KEY_NSHumanReadableCopyright = "";
				LD_RUNPATH_SEARCH_PATHS = (
					"$(inherited)",
					"@executable_path/../Frameworks",
				);
				MARKETING_VERSION = 1.0;
				PRODUCT_BUNDLE_IDENTIFIER = "com.CondronBroadcastEngineering.MusicStaff-FontTest";
				PRODUCT_NAME = "$(TARGET_NAME)";
				REGISTER_APP_GROUPS = YES;
				STRING_CATALOG_GENERATE_SYMBOLS = YES;
				SUPPORTED_PLATFORMS = "iphoneos iphonesimulator macosx";
				SUPPORTS_MACCATALYST = NO;
				SWIFT_APPROACHABLE_CONCURRENCY = YES;
				SWIFT_DEFAULT_ACTOR_ISOLATION = MainActor;
				SWIFT_EMIT_LOC_STRINGS = YES;
				SWIFT_UPCOMING_FEATURE_MEMBER_IMPORT_VISIBILITY = YES;
				SWIFT_VERSION = 5.0;
				TARGETED_DEVICE_FAMILY = 2;
			};
			name = Release;
		};
/* End XCBuildConfiguration section */

/* Begin XCConfigurationList section */
		6376DCEA2E7F48E80080714F /* Build configuration list for PBXProject "MusicStaff-FontTest" */ = {
			isa = XCConfigurationList;
			buildConfigurations = (
				6376DCF82E7F48E90080714F /* Debug */,
				6376DCF92E7F48E90080714F /* Release */,
			);
			defaultConfigurationIsVisible = 0;
			defaultConfigurationName = Release;
		};
		6376DCFA2E7F48E90080714F /* Build configuration list for PBXNativeTarget "MusicStaff-FontTest" */ = {
			isa = XCConfigurationList;
			buildConfigurations = (
				6376DCFB2E7F48E90080714F /* Debug */,
				6376DCFC2E7F48E90080714F /* Release */,
			);
			defaultConfigurationIsVisible = 0;
			defaultConfigurationName = Release;
		};
/* End XCConfigurationList section */

/* Begin XCRemoteSwiftPackageReference section */
		6329303F2E8E0CB400C4314C /* XCRemoteSwiftPackageReference "SoundpipeAudioKit" */ = {
			isa = XCRemoteSwiftPackageReference;
			repositoryURL = "https://github.com/AudioKit/SoundpipeAudioKit.git";
			requirement = {
				kind = upToNextMajorVersion;
				minimumVersion = 5.7.3;
			};
		};
		6354AEA32E8DC27D00A86AF1 /* XCRemoteSwiftPackageReference "Keyboard" */ = {
			isa = XCRemoteSwiftPackageReference;
			repositoryURL = "https://github.com/AudioKit/Keyboard.git";
			requirement = {
				kind = upToNextMajorVersion;
				minimumVersion = 1.4.1;
			};
		};
		6371BDC72E8B0D4600145BE6 /* XCRemoteSwiftPackageReference "AudioKit" */ = {
			isa = XCRemoteSwiftPackageReference;
			repositoryURL = "https://github.com/AudioKit/AudioKit/";
			requirement = {
				kind = upToNextMajorVersion;
				minimumVersion = 5.6.5;
			};
		};
		6371BDCA2E8B0D5B00145BE6 /* XCRemoteSwiftPackageReference "AudioKitUI" */ = {
			isa = XCRemoteSwiftPackageReference;
			repositoryURL = "https://github.com/AudioKit/AudioKitUI";
			requirement = {
				kind = upToNextMajorVersion;
				minimumVersion = 0.3.7;
			};
		};
		6371BDCD2E8B0D7C00145BE6 /* XCRemoteSwiftPackageReference "AudioKitEX" */ = {
			isa = XCRemoteSwiftPackageReference;
			repositoryURL = "https://github.com/AudioKit/AudioKitEX";
			requirement = {
				kind = upToNextMajorVersion;
				minimumVersion = 5.6.2;
			};
		};
/* End XCRemoteSwiftPackageReference section */

/* Begin XCSwiftPackageProductDependency section */
		632930402E8E0CB400C4314C /* SoundpipeAudioKit */ = {
			isa = XCSwiftPackageProductDependency;
			package = 6329303F2E8E0CB400C4314C /* XCRemoteSwiftPackageReference "SoundpipeAudioKit" */;
			productName = SoundpipeAudioKit;
		};
		6354AEA42E8DC27D00A86AF1 /* Keyboard */ = {
			isa = XCSwiftPackageProductDependency;
			package = 6354AEA32E8DC27D00A86AF1 /* XCRemoteSwiftPackageReference "Keyboard" */;
			productName = Keyboard;
		};
		6371BDC82E8B0D4600145BE6 /* AudioKit */ = {
			isa = XCSwiftPackageProductDependency;
			package = 6371BDC72E8B0D4600145BE6 /* XCRemoteSwiftPackageReference "AudioKit" */;
			productName = AudioKit;
		};
		6371BDCB2E8B0D5B00145BE6 /* AudioKitUI */ = {
			isa = XCSwiftPackageProductDependency;
			package = 6371BDCA2E8B0D5B00145BE6 /* XCRemoteSwiftPackageReference "AudioKitUI" */;
			productName = AudioKitUI;
		};
		6371BDCE2E8B0D7C00145BE6 /* AudioKitEX */ = {
			isa = XCSwiftPackageProductDependency;
			package = 6371BDCD2E8B0D7C00145BE6 /* XCRemoteSwiftPackageReference "AudioKitEX" */;
			productName = AudioKitEX;
		};
/* End XCSwiftPackageProductDependency section */
	};
	rootObject = 6376DCE72E7F48E80080714F /* Project object */;
}
